// !$*UTF8*$!
{
	archiveVersion = 1;
	classes = {
	};
	objectVersion = 50;
	objects = {

/* Begin PBXBuildFile section */
		D0095C3D24A2921600674B3A /* main.swift in Sources */ = {isa = PBXBuildFile; fileRef = D0095C3C24A2921600674B3A /* main.swift */; };
		D0095C5024A292D500674B3A /* RecursionAssignment.swift in Sources */ = {isa = PBXBuildFile; fileRef = D0095C4F24A292D500674B3A /* RecursionAssignment.swift */; };
		D0095C5324A292F400674B3A /* String+DPStringTool.swift in Sources */ = {isa = PBXBuildFile; fileRef = D0095C5224A292F400674B3A /* String+DPStringTool.swift */; };
		D0095C6024A2B49A00674B3A /* Recursion.swift in Sources */ = {isa = PBXBuildFile; fileRef = D0095C5F24A2B49A00674B3A /* Recursion.swift */; };
		D0095C6324A3BABB00674B3A /* ExhaustiveSearch.swift in Sources */ = {isa = PBXBuildFile; fileRef = D0095C6224A3BABB00674B3A /* ExhaustiveSearch.swift */; };
		D0095C6724A5270A00674B3A /* Sorting.swift in Sources */ = {isa = PBXBuildFile; fileRef = D0095C6624A5270A00674B3A /* Sorting.swift */; };
		D0095C6924A5271700674B3A /* Searching.swift in Sources */ = {isa = PBXBuildFile; fileRef = D0095C6824A5271700674B3A /* Searching.swift */; };
		D0095CA324A653F300674B3A /* Backtracking.swift in Sources */ = {isa = PBXBuildFile; fileRef = D0095CA224A653F300674B3A /* Backtracking.swift */; };
		D0095CB824A676D400674B3A /* FileSystemCrawler.swift in Sources */ = {isa = PBXBuildFile; fileRef = D0095CB724A676D400674B3A /* FileSystemCrawler.swift */; };
		D0095CBA24A676E700674B3A /* EightQueens.swift in Sources */ = {isa = PBXBuildFile; fileRef = D0095CB924A676E700674B3A /* EightQueens.swift */; };
		D0AE439624B7858300B2B57C /* Stack.swift in Sources */ = {isa = PBXBuildFile; fileRef = D0AE439524B7858300B2B57C /* Stack.swift */; };
		D0AE439824B7858C00B2B57C /* Queue.swift in Sources */ = {isa = PBXBuildFile; fileRef = D0AE439724B7858C00B2B57C /* Queue.swift */; };
		D0AE439A24B7859500B2B57C /* Bag.swift in Sources */ = {isa = PBXBuildFile; fileRef = D0AE439924B7859500B2B57C /* Bag.swift */; };
		D0F72F7F24BED6BB00479D89 /* DFS.swift in Sources */ = {isa = PBXBuildFile; fileRef = D0F72F7D24BED6BB00479D89 /* DFS.swift */; };
		D0F72F8024BED6BB00479D89 /* BFS.swift in Sources */ = {isa = PBXBuildFile; fileRef = D0F72F7E24BED6BB00479D89 /* BFS.swift */; };
		D0F72F8224BED6DC00479D89 /* N-Queens.swift in Sources */ = {isa = PBXBuildFile; fileRef = D0F72F8124BED6DC00479D89 /* N-Queens.swift */; };
		D0F72F8424BEDAC100479D89 /* QuickSortAssignment.swift in Sources */ = {isa = PBXBuildFile; fileRef = D0F72F8324BEDAC100479D89 /* QuickSortAssignment.swift */; };
		D0F72F8624BEDB1D00479D89 /* BagStackQueueAssignment.swift in Sources */ = {isa = PBXBuildFile; fileRef = D0F72F8524BEDB1D00479D89 /* BagStackQueueAssignment.swift */; };
		D0F72F8824BEDB4100479D89 /* LCAAssignment.swift in Sources */ = {isa = PBXBuildFile; fileRef = D0F72F8724BEDB4100479D89 /* LCAAssignment.swift */; };
		D0F72F8A24BEDB5700479D89 /* AlgorithmsPresentation.swift in Sources */ = {isa = PBXBuildFile; fileRef = D0F72F8924BEDB5700479D89 /* AlgorithmsPresentation.swift */; };
		D0F72F8C24BEDB6E00479D89 /* UnionFindAssignments.swift in Sources */ = {isa = PBXBuildFile; fileRef = D0F72F8B24BEDB6E00479D89 /* UnionFindAssignments.swift */; };
		D0F72F8E24BEDB7C00479D89 /* GraphAssignment.swift in Sources */ = {isa = PBXBuildFile; fileRef = D0F72F8D24BEDB7C00479D89 /* GraphAssignment.swift */; };
		D0F72F9024BEDB8900479D89 /* GraphTreeAsignment.swift in Sources */ = {isa = PBXBuildFile; fileRef = D0F72F8F24BEDB8900479D89 /* GraphTreeAsignment.swift */; };
		D0F72F9224BEDB9800479D89 /* FloodFillAssignment.swift in Sources */ = {isa = PBXBuildFile; fileRef = D0F72F9124BEDB9800479D89 /* FloodFillAssignment.swift */; };
		D0F72F9424BEDBA800479D89 /* DAGTopolocigalSortAssignment.swift in Sources */ = {isa = PBXBuildFile; fileRef = D0F72F9324BEDBA800479D89 /* DAGTopolocigalSortAssignment.swift */; };
		D0F72F9624BEDBBE00479D89 /* GreedyAlgorithmAssignment.swift in Sources */ = {isa = PBXBuildFile; fileRef = D0F72F9524BEDBBE00479D89 /* GreedyAlgorithmAssignment.swift */; };
		D0F72F9824BEDBCA00479D89 /* MinimumCostFlowAssignment.swift in Sources */ = {isa = PBXBuildFile; fileRef = D0F72F9724BEDBCA00479D89 /* MinimumCostFlowAssignment.swift */; };
		D0F72F9A24BEDBDC00479D89 /* ShortestPathAssignment.swift in Sources */ = {isa = PBXBuildFile; fileRef = D0F72F9924BEDBDC00479D89 /* ShortestPathAssignment.swift */; };
		D0F72F9C24BEDBEB00479D89 /* DynamicProgrammingAssignment.swift in Sources */ = {isa = PBXBuildFile; fileRef = D0F72F9B24BEDBEB00479D89 /* DynamicProgrammingAssignment.swift */; };
/* End PBXBuildFile section */

/* Begin PBXCopyFilesBuildPhase section */
		D0095C3724A2921600674B3A /* CopyFiles */ = {
			isa = PBXCopyFilesBuildPhase;
			buildActionMask = 2147483647;
			dstPath = /usr/share/man/man1/;
			dstSubfolderSpec = 0;
			files = (
			);
			runOnlyForDeploymentPostprocessing = 1;
		};
/* End PBXCopyFilesBuildPhase section */

/* Begin PBXFileReference section */
		D0095C3924A2921600674B3A /* AGDS-Swift */ = {isa = PBXFileReference; explicitFileType = "compiled.mach-o.executable"; includeInIndex = 0; path = "AGDS-Swift"; sourceTree = BUILT_PRODUCTS_DIR; };
		D0095C3C24A2921600674B3A /* main.swift */ = {isa = PBXFileReference; lastKnownFileType = sourcecode.swift; path = main.swift; sourceTree = "<group>"; };
		D0095C4F24A292D500674B3A /* RecursionAssignment.swift */ = {isa = PBXFileReference; fileEncoding = 4; lastKnownFileType = sourcecode.swift; path = RecursionAssignment.swift; sourceTree = "<group>"; };
		D0095C5224A292F400674B3A /* String+DPStringTool.swift */ = {isa = PBXFileReference; fileEncoding = 4; lastKnownFileType = sourcecode.swift; path = "String+DPStringTool.swift"; sourceTree = "<group>"; };
		D0095C5F24A2B49A00674B3A /* Recursion.swift */ = {isa = PBXFileReference; lastKnownFileType = sourcecode.swift; path = Recursion.swift; sourceTree = "<group>"; };
		D0095C6124A2B55200674B3A /* story.txt */ = {isa = PBXFileReference; fileEncoding = 4; lastKnownFileType = text; path = story.txt; sourceTree = "<group>"; };
		D0095C6224A3BABB00674B3A /* ExhaustiveSearch.swift */ = {isa = PBXFileReference; lastKnownFileType = sourcecode.swift; path = ExhaustiveSearch.swift; sourceTree = "<group>"; };
		D0095C6624A5270A00674B3A /* Sorting.swift */ = {isa = PBXFileReference; lastKnownFileType = sourcecode.swift; path = Sorting.swift; sourceTree = "<group>"; };
		D0095C6824A5271700674B3A /* Searching.swift */ = {isa = PBXFileReference; lastKnownFileType = sourcecode.swift; path = Searching.swift; sourceTree = "<group>"; };
		D0095CA224A653F300674B3A /* Backtracking.swift */ = {isa = PBXFileReference; lastKnownFileType = sourcecode.swift; path = Backtracking.swift; sourceTree = "<group>"; };
		D0095CB724A676D400674B3A /* FileSystemCrawler.swift */ = {isa = PBXFileReference; lastKnownFileType = sourcecode.swift; path = FileSystemCrawler.swift; sourceTree = "<group>"; };
		D0095CB924A676E700674B3A /* EightQueens.swift */ = {isa = PBXFileReference; lastKnownFileType = sourcecode.swift; path = EightQueens.swift; sourceTree = "<group>"; };
		D0AE439524B7858300B2B57C /* Stack.swift */ = {isa = PBXFileReference; lastKnownFileType = sourcecode.swift; path = Stack.swift; sourceTree = "<group>"; };
		D0AE439724B7858C00B2B57C /* Queue.swift */ = {isa = PBXFileReference; lastKnownFileType = sourcecode.swift; path = Queue.swift; sourceTree = "<group>"; };
		D0AE439924B7859500B2B57C /* Bag.swift */ = {isa = PBXFileReference; lastKnownFileType = sourcecode.swift; path = Bag.swift; sourceTree = "<group>"; };
		D0F72F7D24BED6BB00479D89 /* DFS.swift */ = {isa = PBXFileReference; fileEncoding = 4; lastKnownFileType = sourcecode.swift; path = DFS.swift; sourceTree = "<group>"; };
		D0F72F7E24BED6BB00479D89 /* BFS.swift */ = {isa = PBXFileReference; fileEncoding = 4; lastKnownFileType = sourcecode.swift; path = BFS.swift; sourceTree = "<group>"; };
		D0F72F8124BED6DC00479D89 /* N-Queens.swift */ = {isa = PBXFileReference; fileEncoding = 4; lastKnownFileType = sourcecode.swift; path = "N-Queens.swift"; sourceTree = "<group>"; };
		D0F72F8324BEDAC100479D89 /* QuickSortAssignment.swift */ = {isa = PBXFileReference; lastKnownFileType = sourcecode.swift; path = QuickSortAssignment.swift; sourceTree = "<group>"; };
		D0F72F8524BEDB1D00479D89 /* BagStackQueueAssignment.swift */ = {isa = PBXFileReference; lastKnownFileType = sourcecode.swift; path = BagStackQueueAssignment.swift; sourceTree = "<group>"; };
		D0F72F8724BEDB4100479D89 /* LCAAssignment.swift */ = {isa = PBXFileReference; lastKnownFileType = sourcecode.swift; path = LCAAssignment.swift; sourceTree = "<group>"; };
		D0F72F8924BEDB5700479D89 /* AlgorithmsPresentation.swift */ = {isa = PBXFileReference; lastKnownFileType = sourcecode.swift; path = AlgorithmsPresentation.swift; sourceTree = "<group>"; };
		D0F72F8B24BEDB6E00479D89 /* UnionFindAssignments.swift */ = {isa = PBXFileReference; lastKnownFileType = sourcecode.swift; path = UnionFindAssignments.swift; sourceTree = "<group>"; };
		D0F72F8D24BEDB7C00479D89 /* GraphAssignment.swift */ = {isa = PBXFileReference; lastKnownFileType = sourcecode.swift; path = GraphAssignment.swift; sourceTree = "<group>"; };
		D0F72F8F24BEDB8900479D89 /* GraphTreeAsignment.swift */ = {isa = PBXFileReference; lastKnownFileType = sourcecode.swift; path = GraphTreeAsignment.swift; sourceTree = "<group>"; };
		D0F72F9124BEDB9800479D89 /* FloodFillAssignment.swift */ = {isa = PBXFileReference; lastKnownFileType = sourcecode.swift; path = FloodFillAssignment.swift; sourceTree = "<group>"; };
		D0F72F9324BEDBA800479D89 /* DAGTopolocigalSortAssignment.swift */ = {isa = PBXFileReference; lastKnownFileType = sourcecode.swift; path = DAGTopolocigalSortAssignment.swift; sourceTree = "<group>"; };
		D0F72F9524BEDBBE00479D89 /* GreedyAlgorithmAssignment.swift */ = {isa = PBXFileReference; lastKnownFileType = sourcecode.swift; path = GreedyAlgorithmAssignment.swift; sourceTree = "<group>"; };
		D0F72F9724BEDBCA00479D89 /* MinimumCostFlowAssignment.swift */ = {isa = PBXFileReference; lastKnownFileType = sourcecode.swift; path = MinimumCostFlowAssignment.swift; sourceTree = "<group>"; };
		D0F72F9924BEDBDC00479D89 /* ShortestPathAssignment.swift */ = {isa = PBXFileReference; lastKnownFileType = sourcecode.swift; path = ShortestPathAssignment.swift; sourceTree = "<group>"; };
		D0F72F9B24BEDBEB00479D89 /* DynamicProgrammingAssignment.swift */ = {isa = PBXFileReference; lastKnownFileType = sourcecode.swift; path = DynamicProgrammingAssignment.swift; sourceTree = "<group>"; };
/* End PBXFileReference section */

/* Begin PBXFrameworksBuildPhase section */
		D0095C3624A2921600674B3A /* Frameworks */ = {
			isa = PBXFrameworksBuildPhase;
			buildActionMask = 2147483647;
			files = (
			);
			runOnlyForDeploymentPostprocessing = 0;
		};
/* End PBXFrameworksBuildPhase section */

/* Begin PBXGroup section */
		D0095C3024A2921600674B3A = {
			isa = PBXGroup;
			children = (
				D0095C3B24A2921600674B3A /* AGDS-Swift */,
				D0095C3A24A2921600674B3A /* Products */,
			);
			sourceTree = "<group>";
		};
		D0095C3A24A2921600674B3A /* Products */ = {
			isa = PBXGroup;
			children = (
				D0095C3924A2921600674B3A /* AGDS-Swift */,
			);
			name = Products;
			sourceTree = "<group>";
		};
		D0095C3B24A2921600674B3A /* AGDS-Swift */ = {
			isa = PBXGroup;
			children = (
				D0095C5124A292F400674B3A /* Utils */,
				D0095C6424A5268500674B3A /* MiniProject */,
				D0095C4E24A292D500674B3A /* Assignments */,
				D0095C5E24A2B48C00674B3A /* Recursion */,
				D0095C6524A526E000674B3A /* SearchingSorting */,
				D0AE439424B7856300B2B57C /* DataStructures1 */,
				D0F72F7B24BED6BB00479D89 /* Graph */,
				D0095C3C24A2921600674B3A /* main.swift */,
			);
			path = "AGDS-Swift";
			sourceTree = "<group>";
		};
		D0095C4E24A292D500674B3A /* Assignments */ = {
			isa = PBXGroup;
			children = (
				D0095C4F24A292D500674B3A /* RecursionAssignment.swift */,
				D0F72F8324BEDAC100479D89 /* QuickSortAssignment.swift */,
				D0F72F8524BEDB1D00479D89 /* BagStackQueueAssignment.swift */,
				D0F72F8724BEDB4100479D89 /* LCAAssignment.swift */,
				D0F72F8B24BEDB6E00479D89 /* UnionFindAssignments.swift */,
				D0F72F8D24BEDB7C00479D89 /* GraphAssignment.swift */,
				D0F72F8F24BEDB8900479D89 /* GraphTreeAsignment.swift */,
				D0F72F9124BEDB9800479D89 /* FloodFillAssignment.swift */,
				D0F72F9324BEDBA800479D89 /* DAGTopolocigalSortAssignment.swift */,
				D0F72F9524BEDBBE00479D89 /* GreedyAlgorithmAssignment.swift */,
				D0F72F9724BEDBCA00479D89 /* MinimumCostFlowAssignment.swift */,
				D0F72F9924BEDBDC00479D89 /* ShortestPathAssignment.swift */,
				D0F72F9B24BEDBEB00479D89 /* DynamicProgrammingAssignment.swift */,
			);
			path = Assignments;
			sourceTree = "<group>";
		};
		D0095C5124A292F400674B3A /* Utils */ = {
			isa = PBXGroup;
			children = (
				D0095C5224A292F400674B3A /* String+DPStringTool.swift */,
			);
			path = Utils;
			sourceTree = "<group>";
		};
		D0095C5E24A2B48C00674B3A /* Recursion */ = {
			isa = PBXGroup;
			children = (
				D0095C6124A2B55200674B3A /* story.txt */,
				D0095C5F24A2B49A00674B3A /* Recursion.swift */,
				D0095C6224A3BABB00674B3A /* ExhaustiveSearch.swift */,
				D0095CA224A653F300674B3A /* Backtracking.swift */,
				D0F72F8124BED6DC00479D89 /* N-Queens.swift */,
			);
			path = Recursion;
			sourceTree = "<group>";
		};
		D0095C6424A5268500674B3A /* MiniProject */ = {
			isa = PBXGroup;
			children = (
				D0095CB924A676E700674B3A /* EightQueens.swift */,
				D0095CB724A676D400674B3A /* FileSystemCrawler.swift */,
				D0F72F8924BEDB5700479D89 /* AlgorithmsPresentation.swift */,
			);
			path = MiniProject;
			sourceTree = "<group>";
		};
		D0095C6524A526E000674B3A /* SearchingSorting */ = {
			isa = PBXGroup;
			children = (
				D0095C6824A5271700674B3A /* Searching.swift */,
				D0095C6624A5270A00674B3A /* Sorting.swift */,
			);
			path = SearchingSorting;
			sourceTree = "<group>";
		};
		D0AE439424B7856300B2B57C /* DataStructures1 */ = {
			isa = PBXGroup;
			children = (
				D0AE439924B7859500B2B57C /* Bag.swift */,
				D0AE439524B7858300B2B57C /* Stack.swift */,
				D0AE439724B7858C00B2B57C /* Queue.swift */,
			);
			path = DataStructures1;
			sourceTree = "<group>";
		};
		D0F72F7B24BED6BB00479D89 /* Graph */ = {
			isa = PBXGroup;
			children = (
				D0F72F7C24BED6BB00479D89 /* Examples */,
			);
			path = Graph;
			sourceTree = "<group>";
		};
		D0F72F7C24BED6BB00479D89 /* Examples */ = {
			isa = PBXGroup;
			children = (
				D0F72F7D24BED6BB00479D89 /* DFS.swift */,
				D0F72F7E24BED6BB00479D89 /* BFS.swift */,
			);
			path = Examples;
			sourceTree = "<group>";
		};
/* End PBXGroup section */

/* Begin PBXNativeTarget section */
		D0095C3824A2921600674B3A /* AGDS-Swift */ = {
			isa = PBXNativeTarget;
			buildConfigurationList = D0095C4024A2921600674B3A /* Build configuration list for PBXNativeTarget "AGDS-Swift" */;
			buildPhases = (
				D0095C3524A2921600674B3A /* Sources */,
				D0095C3624A2921600674B3A /* Frameworks */,
				D0095C3724A2921600674B3A /* CopyFiles */,
			);
			buildRules = (
			);
			dependencies = (
			);
			name = "AGDS-Swift";
			productName = "AGDS-Swift";
			productReference = D0095C3924A2921600674B3A /* AGDS-Swift */;
			productType = "com.apple.product-type.tool";
		};
/* End PBXNativeTarget section */

/* Begin PBXProject section */
		D0095C3124A2921600674B3A /* Project object */ = {
			isa = PBXProject;
			attributes = {
				LastSwiftUpdateCheck = 1150;
				LastUpgradeCheck = 1150;
				ORGANIZATIONNAME = "Jose Hermilo Ortega Martinez";
				TargetAttributes = {
					D0095C3824A2921600674B3A = {
						CreatedOnToolsVersion = 11.5;
					};
				};
			};
			buildConfigurationList = D0095C3424A2921600674B3A /* Build configuration list for PBXProject "AGDS-Swift" */;
			compatibilityVersion = "Xcode 9.3";
			developmentRegion = en;
			hasScannedForEncodings = 0;
			knownRegions = (
				en,
				Base,
			);
			mainGroup = D0095C3024A2921600674B3A;
			productRefGroup = D0095C3A24A2921600674B3A /* Products */;
			projectDirPath = "";
			projectRoot = "";
			targets = (
				D0095C3824A2921600674B3A /* AGDS-Swift */,
			);
		};
/* End PBXProject section */

/* Begin PBXSourcesBuildPhase section */
		D0095C3524A2921600674B3A /* Sources */ = {
			isa = PBXSourcesBuildPhase;
			buildActionMask = 2147483647;
			files = (
				D0F72F9224BEDB9800479D89 /* FloodFillAssignment.swift in Sources */,
				D0F72F9024BEDB8900479D89 /* GraphTreeAsignment.swift in Sources */,
				D0F72F9624BEDBBE00479D89 /* GreedyAlgorithmAssignment.swift in Sources */,
				D0095C6724A5270A00674B3A /* Sorting.swift in Sources */,
				D0095CBA24A676E700674B3A /* EightQueens.swift in Sources */,
				D0F72F9C24BEDBEB00479D89 /* DynamicProgrammingAssignment.swift in Sources */,
				D0095C5324A292F400674B3A /* String+DPStringTool.swift in Sources */,
				D0095C5024A292D500674B3A /* RecursionAssignment.swift in Sources */,
				D0095CA324A653F300674B3A /* Backtracking.swift in Sources */,
				D0F72F9824BEDBCA00479D89 /* MinimumCostFlowAssignment.swift in Sources */,
				D0F72F8224BED6DC00479D89 /* N-Queens.swift in Sources */,
				D0F72F7F24BED6BB00479D89 /* DFS.swift in Sources */,
				D0AE439624B7858300B2B57C /* Stack.swift in Sources */,
				D0095C3D24A2921600674B3A /* main.swift in Sources */,
				D0AE439824B7858C00B2B57C /* Queue.swift in Sources */,
				D0F72F8C24BEDB6E00479D89 /* UnionFindAssignments.swift in Sources */,
				D0AE439A24B7859500B2B57C /* Bag.swift in Sources */,
				D0095CB824A676D400674B3A /* FileSystemCrawler.swift in Sources */,
				D0F72F9A24BEDBDC00479D89 /* ShortestPathAssignment.swift in Sources */,
				D0F72F8E24BEDB7C00479D89 /* GraphAssignment.swift in Sources */,
				D0F72F8824BEDB4100479D89 /* LCAAssignment.swift in Sources */,
				D0F72F8024BED6BB00479D89 /* BFS.swift in Sources */,
				D0095C6924A5271700674B3A /* Searching.swift in Sources */,
				D0F72F8424BEDAC100479D89 /* QuickSortAssignment.swift in Sources */,
				D0095C6324A3BABB00674B3A /* ExhaustiveSearch.swift in Sources */,
				D0F72F8A24BEDB5700479D89 /* AlgorithmsPresentation.swift in Sources */,
				D0095C6024A2B49A00674B3A /* Recursion.swift in Sources */,
				D0F72F8624BEDB1D00479D89 /* BagStackQueueAssignment.swift in Sources */,
				D0F72F9424BEDBA800479D89 /* DAGTopolocigalSortAssignment.swift in Sources */,
			);
			runOnlyForDeploymentPostprocessing = 0;
		};
/* End PBXSourcesBuildPhase section */

/* Begin XCBuildConfiguration section */
		D0095C3E24A2921600674B3A /* Debug */ = {
			isa = XCBuildConfiguration;
			buildSettings = {
				ALWAYS_SEARCH_USER_PATHS = NO;
				CLANG_ANALYZER_NONNULL = YES;
				CLANG_ANALYZER_NUMBER_OBJECT_CONVERSION = YES_AGGRESSIVE;
				CLANG_CXX_LANGUAGE_STANDARD = "gnu++14";
				CLANG_CXX_LIBRARY = "libc++";
				CLANG_ENABLE_MODULES = YES;
				CLANG_ENABLE_OBJC_ARC = YES;
				CLANG_ENABLE_OBJC_WEAK = YES;
				CLANG_WARN_BLOCK_CAPTURE_AUTORELEASING = YES;
				CLANG_WARN_BOOL_CONVERSION = YES;
				CLANG_WARN_COMMA = YES;
				CLANG_WARN_CONSTANT_CONVERSION = YES;
				CLANG_WARN_DEPRECATED_OBJC_IMPLEMENTATIONS = YES;
				CLANG_WARN_DIRECT_OBJC_ISA_USAGE = YES_ERROR;
				CLANG_WARN_DOCUMENTATION_COMMENTS = YES;
				CLANG_WARN_EMPTY_BODY = YES;
				CLANG_WARN_ENUM_CONVERSION = YES;
				CLANG_WARN_INFINITE_RECURSION = YES;
				CLANG_WARN_INT_CONVERSION = YES;
				CLANG_WARN_NON_LITERAL_NULL_CONVERSION = YES;
				CLANG_WARN_OBJC_IMPLICIT_RETAIN_SELF = YES;
				CLANG_WARN_OBJC_LITERAL_CONVERSION = YES;
				CLANG_WARN_OBJC_ROOT_CLASS = YES_ERROR;
				CLANG_WARN_RANGE_LOOP_ANALYSIS = YES;
				CLANG_WARN_STRICT_PROTOTYPES = YES;
				CLANG_WARN_SUSPICIOUS_MOVE = YES;
				CLANG_WARN_UNGUARDED_AVAILABILITY = YES_AGGRESSIVE;
				CLANG_WARN_UNREACHABLE_CODE = YES;
				CLANG_WARN__DUPLICATE_METHOD_MATCH = YES;
				COPY_PHASE_STRIP = NO;
				DEBUG_INFORMATION_FORMAT = dwarf;
				ENABLE_STRICT_OBJC_MSGSEND = YES;
				ENABLE_TESTABILITY = YES;
				GCC_C_LANGUAGE_STANDARD = gnu11;
				GCC_DYNAMIC_NO_PIC = NO;
				GCC_NO_COMMON_BLOCKS = YES;
				GCC_OPTIMIZATION_LEVEL = 0;
				GCC_PREPROCESSOR_DEFINITIONS = (
					"DEBUG=1",
					"$(inherited)",
				);
				GCC_WARN_64_TO_32_BIT_CONVERSION = YES;
				GCC_WARN_ABOUT_RETURN_TYPE = YES_ERROR;
				GCC_WARN_UNDECLARED_SELECTOR = YES;
				GCC_WARN_UNINITIALIZED_AUTOS = YES_AGGRESSIVE;
				GCC_WARN_UNUSED_FUNCTION = YES;
				GCC_WARN_UNUSED_VARIABLE = YES;
				MACOSX_DEPLOYMENT_TARGET = 10.15;
				MTL_ENABLE_DEBUG_INFO = INCLUDE_SOURCE;
				MTL_FAST_MATH = YES;
				ONLY_ACTIVE_ARCH = YES;
				SDKROOT = macosx;
				SWIFT_ACTIVE_COMPILATION_CONDITIONS = DEBUG;
				SWIFT_OPTIMIZATION_LEVEL = "-Onone";
			};
			name = Debug;
		};
		D0095C3F24A2921600674B3A /* Release */ = {
			isa = XCBuildConfiguration;
			buildSettings = {
				ALWAYS_SEARCH_USER_PATHS = NO;
				CLANG_ANALYZER_NONNULL = YES;
				CLANG_ANALYZER_NUMBER_OBJECT_CONVERSION = YES_AGGRESSIVE;
				CLANG_CXX_LANGUAGE_STANDARD = "gnu++14";
				CLANG_CXX_LIBRARY = "libc++";
				CLANG_ENABLE_MODULES = YES;
				CLANG_ENABLE_OBJC_ARC = YES;
				CLANG_ENABLE_OBJC_WEAK = YES;
				CLANG_WARN_BLOCK_CAPTURE_AUTORELEASING = YES;
				CLANG_WARN_BOOL_CONVERSION = YES;
				CLANG_WARN_COMMA = YES;
				CLANG_WARN_CONSTANT_CONVERSION = YES;
				CLANG_WARN_DEPRECATED_OBJC_IMPLEMENTATIONS = YES;
				CLANG_WARN_DIRECT_OBJC_ISA_USAGE = YES_ERROR;
				CLANG_WARN_DOCUMENTATION_COMMENTS = YES;
				CLANG_WARN_EMPTY_BODY = YES;
				CLANG_WARN_ENUM_CONVERSION = YES;
				CLANG_WARN_INFINITE_RECURSION = YES;
				CLANG_WARN_INT_CONVERSION = YES;
				CLANG_WARN_NON_LITERAL_NULL_CONVERSION = YES;
				CLANG_WARN_OBJC_IMPLICIT_RETAIN_SELF = YES;
				CLANG_WARN_OBJC_LITERAL_CONVERSION = YES;
				CLANG_WARN_OBJC_ROOT_CLASS = YES_ERROR;
				CLANG_WARN_RANGE_LOOP_ANALYSIS = YES;
				CLANG_WARN_STRICT_PROTOTYPES = YES;
				CLANG_WARN_SUSPICIOUS_MOVE = YES;
				CLANG_WARN_UNGUARDED_AVAILABILITY = YES_AGGRESSIVE;
				CLANG_WARN_UNREACHABLE_CODE = YES;
				CLANG_WARN__DUPLICATE_METHOD_MATCH = YES;
				COPY_PHASE_STRIP = NO;
				DEBUG_INFORMATION_FORMAT = "dwarf-with-dsym";
				ENABLE_NS_ASSERTIONS = NO;
				ENABLE_STRICT_OBJC_MSGSEND = YES;
				GCC_C_LANGUAGE_STANDARD = gnu11;
				GCC_NO_COMMON_BLOCKS = YES;
				GCC_WARN_64_TO_32_BIT_CONVERSION = YES;
				GCC_WARN_ABOUT_RETURN_TYPE = YES_ERROR;
				GCC_WARN_UNDECLARED_SELECTOR = YES;
				GCC_WARN_UNINITIALIZED_AUTOS = YES_AGGRESSIVE;
				GCC_WARN_UNUSED_FUNCTION = YES;
				GCC_WARN_UNUSED_VARIABLE = YES;
				MACOSX_DEPLOYMENT_TARGET = 10.15;
				MTL_ENABLE_DEBUG_INFO = NO;
				MTL_FAST_MATH = YES;
				SDKROOT = macosx;
				SWIFT_COMPILATION_MODE = wholemodule;
				SWIFT_OPTIMIZATION_LEVEL = "-O";
			};
			name = Release;
		};
		D0095C4124A2921600674B3A /* Debug */ = {
			isa = XCBuildConfiguration;
			buildSettings = {
				CODE_SIGN_STYLE = Automatic;
				DEVELOPMENT_TEAM = 4TBQQ7U378;
				ENABLE_HARDENED_RUNTIME = YES;
				PRODUCT_NAME = "$(TARGET_NAME)";
				SWIFT_VERSION = 5.0;
			};
			name = Debug;
		};
		D0095C4224A2921600674B3A /* Release */ = {
			isa = XCBuildConfiguration;
			buildSettings = {
				CODE_SIGN_STYLE = Automatic;
				DEVELOPMENT_TEAM = 4TBQQ7U378;
				ENABLE_HARDENED_RUNTIME = YES;
				PRODUCT_NAME = "$(TARGET_NAME)";
				SWIFT_VERSION = 5.0;
			};
			name = Release;
		};
/* End XCBuildConfiguration section */

/* Begin XCConfigurationList section */
		D0095C3424A2921600674B3A /* Build configuration list for PBXProject "AGDS-Swift" */ = {
			isa = XCConfigurationList;
			buildConfigurations = (
				D0095C3E24A2921600674B3A /* Debug */,
				D0095C3F24A2921600674B3A /* Release */,
			);
			defaultConfigurationIsVisible = 0;
			defaultConfigurationName = Release;
		};
		D0095C4024A2921600674B3A /* Build configuration list for PBXNativeTarget "AGDS-Swift" */ = {
			isa = XCConfigurationList;
			buildConfigurations = (
				D0095C4124A2921600674B3A /* Debug */,
				D0095C4224A2921600674B3A /* Release */,
			);
			defaultConfigurationIsVisible = 0;
			defaultConfigurationName = Release;
		};
/* End XCConfigurationList section */
	};
	rootObject = D0095C3124A2921600674B3A /* Project object */;
}
